
Microsoft Visual Studio Solution File, Format Version 12.00
# Visual Studio Version 16
VisualStudioVersion = 16.0.30523.141
MinimumVisualStudioVersion = 10.0.40219.1
Project("{9A19103F-16F7-4668-BE54-9A1E7A4F7556}") = "POCProj", "POCProj\POCProj.csproj", "{D0DFBEFA-1E1A-4B04-BC54-F6AEA6BEAC4E}"
EndProject
Project("{9A19103F-16F7-4668-BE54-9A1E7A4F7556}") = "POCApp", "POCApp\POCApp.csproj", "{C19B2DC1-DB27-48B7-8C5C-76C54650575F}"
EndProject
Global
	GlobalSection(SolutionConfigurationPlatforms) = preSolution
		Debug|Any CPU = Debug|Any CPU
		Release|Any CPU = Release|Any CPU
	EndGlobalSection
	GlobalSection(ProjectConfigurationPlatforms) = postSolution
		{D0DFBEFA-1E1A-4B04-BC54-F6AEA6BEAC4E}.Debug|Any CPU.ActiveCfg = Debug|Any CPU
		{D0DFBEFA-1E1A-4B04-BC54-F6AEA6BEAC4E}.Debug|Any CPU.Build.0 = Debug|Any CPU
		{D0DFBEFA-1E1A-4B04-BC54-F6AEA6BEAC4E}.Release|Any CPU.ActiveCfg = Release|Any CPU
		{D0DFBEFA-1E1A-4B04-BC54-F6AEA6BEAC4E}.Release|Any CPU.Build.0 = Release|Any CPU
		{C19B2DC1-DB27-48B7-8C5C-76C54650575F}.Debug|Any CPU.ActiveCfg = Debug|Any CPU
		{C19B2DC1-DB27-48B7-8C5C-76C54650575F}.Debug|Any CPU.Build.0 = Debug|Any CPU
		{C19B2DC1-DB27-48B7-8C5C-76C54650575F}.Release|Any CPU.ActiveCfg = Release|Any CPU
		{C19B2DC1-DB27-48B7-8C5C-76C54650575F}.Release|Any CPU.Build.0 = Release|Any CPU
	EndGlobalSection
	GlobalSection(SolutionProperties) = preSolution
		HideSolutionNode = FALSE
	EndGlobalSection
	GlobalSection(ExtensibilityGlobals) = postSolution
		SolutionGuid = {55650AF8-4186-44DA-990D-FB796E58189D}
	EndGlobalSection
EndGlobal
